{
  "version": 4,
  "terraform_version": "1.0.11",
  "serial": 31,
  "lineage": "ef107c7c-fcb5-0a0c-6dfe-e1a3a9dd8c98",
  "outputs": {},
  "resources": [
    {
      "module": "module.batch_queue",
      "mode": "managed",
      "type": "aws_batch_compute_environment",
      "name": "batch",
      "provider": "provider[\"registry.terraform.io/hashicorp/aws\"]",
      "instances": [
        {
          "schema_version": 0,
          "attributes": {
            "arn": "arn:aws:batch:us-east-1:304383062342:compute-environment/whalesay",
            "compute_environment_name": "whalesay",
            "compute_environment_name_prefix": "",
            "compute_resources": [
              {
                "allocation_strategy": "BEST_FIT_PROGRESSIVE",
                "bid_percentage": 0,
                "desired_vcpus": 0,
                "ec2_configuration": [
                  {
                    "image_id_override": "",
                    "image_type": "ECS_AL2"
                  }
                ],
                "ec2_key_pair": "",
                "image_id": "",
                "instance_role": "arn:aws:iam::304383062342:instance-profile/ecs-instance-profile",
                "instance_type": [
                  "m5"
                ],
                "launch_template": [],
                "max_vcpus": 2,
                "min_vcpus": 0,
                "security_group_ids": [
                  "sg-0c8590efc941a37c0"
                ],
                "spot_iam_fleet_role": "",
                "subnets": [
                  "subnet-04f3a1067aa17aa84"
                ],
                "tags": {},
                "type": "EC2"
              }
            ],
            "ecs_cluster_arn": "arn:aws:ecs:us-east-1:304383062342:cluster/whalesay_Batch_5ebd4d28-b48c-3600-8710-c080ae63c051",
            "id": "whalesay",
            "service_role": "arn:aws:iam::304383062342:role/batch-role",
            "state": "ENABLED",
            "status": "VALID",
            "status_reason": "ComputeEnvironment Healthy",
            "tags": {
              "Name": "whalesay",
              "Pipeline": "whalesay-head",
              "Platform": "awsbatch",
              "environment": "dev",
              "managed-by": "terraform"
            },
            "tags_all": {
              "Name": "whalesay",
              "Pipeline": "whalesay-head",
              "Platform": "awsbatch",
              "environment": "dev",
              "managed-by": "terraform"
            },
            "type": "MANAGED"
          },
          "sensitive_attributes": [],
          "private": "bnVsbA==",
          "dependencies": [
            "module.batch_queue.aws_iam_role_policy_attachment.batch",
            "module.batch_queue.aws_security_group.sg",
            "module.batch_queue.aws_iam_instance_profile.ecs",
            "module.batch_queue.aws_iam_role.batch",
            "module.batch_queue.aws_iam_role.ecs"
          ]
        }
      ]
    },
    {
      "module": "module.batch_queue",
      "mode": "managed",
      "type": "aws_batch_job_queue",
      "name": "queue",
      "provider": "provider[\"registry.terraform.io/hashicorp/aws\"]",
      "instances": [
        {
          "schema_version": 0,
          "attributes": {
            "arn": "arn:aws:batch:us-east-1:304383062342:job-queue/whalesay-queue",
            "compute_environments": [
              "arn:aws:batch:us-east-1:304383062342:compute-environment/whalesay"
            ],
            "id": "arn:aws:batch:us-east-1:304383062342:job-queue/whalesay-queue",
            "name": "whalesay-queue",
            "priority": 1,
            "scheduling_policy_arn": "",
            "state": "ENABLED",
            "tags": {
              "Name": "whalesay-queue",
              "environment": "dev",
              "managed-by": "terraform"
            },
            "tags_all": {
              "Name": "whalesay-queue",
              "environment": "dev",
              "managed-by": "terraform"
            }
          },
          "sensitive_attributes": [],
          "private": "bnVsbA==",
          "dependencies": [
            "module.batch_queue.aws_iam_role.ecs",
            "module.batch_queue.aws_iam_role_policy_attachment.batch",
            "module.batch_queue.aws_security_group.sg",
            "module.batch_queue.aws_batch_compute_environment.batch",
            "module.batch_queue.aws_iam_instance_profile.ecs",
            "module.batch_queue.aws_iam_role.batch"
          ]
        }
      ]
    },
    {
      "module": "module.batch_queue",
      "mode": "managed",
      "type": "aws_iam_instance_profile",
      "name": "ecs",
      "provider": "provider[\"registry.terraform.io/hashicorp/aws\"]",
      "instances": [
        {
          "schema_version": 0,
          "attributes": {
            "arn": "arn:aws:iam::304383062342:instance-profile/ecs-instance-profile",
            "create_date": "2022-02-14T16:35:11Z",
            "id": "ecs-instance-profile",
            "name": "ecs-instance-profile",
            "name_prefix": null,
            "path": "/",
            "role": "ecs-role",
            "tags": {},
            "tags_all": {},
            "unique_id": "AIPAUNXVE6FDDCIT36YQX"
          },
          "sensitive_attributes": [],
          "private": "bnVsbA==",
          "dependencies": [
            "module.batch_queue.aws_iam_role.ecs"
          ]
        }
      ]
    },
    {
      "module": "module.batch_queue",
      "mode": "managed",
      "type": "aws_iam_role",
      "name": "batch",
      "provider": "provider[\"registry.terraform.io/hashicorp/aws\"]",
      "instances": [
        {
          "schema_version": 0,
          "attributes": {
            "arn": "arn:aws:iam::304383062342:role/batch-role",
            "assume_role_policy": "{\"Version\":\"2012-10-17\",\"Statement\":[{\"Effect\":\"Allow\",\"Principal\":{\"Service\":\"batch.amazonaws.com\"},\"Action\":\"sts:AssumeRole\"}]}",
            "create_date": "2022-02-14T16:35:10Z",
            "description": "",
            "force_detach_policies": false,
            "id": "batch-role",
            "inline_policy": [
              {
                "name": "",
                "policy": ""
              }
            ],
            "managed_policy_arns": [
              "arn:aws:iam::aws:policy/service-role/AWSBatchServiceRole"
            ],
            "max_session_duration": 3600,
            "name": "batch-role",
            "name_prefix": "",
            "path": "/",
            "permissions_boundary": null,
            "tags": {},
            "tags_all": {},
            "unique_id": "AROAUNXVE6FDM76NPANUG"
          },
          "sensitive_attributes": [],
          "private": "bnVsbA=="
        }
      ]
    },
    {
      "module": "module.batch_queue",
      "mode": "managed",
      "type": "aws_iam_role",
      "name": "ecs",
      "provider": "provider[\"registry.terraform.io/hashicorp/aws\"]",
      "instances": [
        {
          "schema_version": 0,
          "attributes": {
            "arn": "arn:aws:iam::304383062342:role/ecs-role",
            "assume_role_policy": "{\"Version\":\"2012-10-17\",\"Statement\":[{\"Effect\":\"Allow\",\"Principal\":{\"Service\":\"ec2.amazonaws.com\"},\"Action\":\"sts:AssumeRole\"}]}",
            "create_date": "2022-02-14T16:35:10Z",
            "description": "",
            "force_detach_policies": false,
            "id": "ecs-role",
            "inline_policy": [
              {
                "name": "",
                "policy": ""
              }
            ],
            "managed_policy_arns": [
              "arn:aws:iam::aws:policy/service-role/AmazonEC2ContainerServiceforEC2Role"
            ],
            "max_session_duration": 3600,
            "name": "ecs-role",
            "name_prefix": "",
            "path": "/",
            "permissions_boundary": null,
            "tags": {},
            "tags_all": {},
            "unique_id": "AROAUNXVE6FDPXGI5CVUZ"
          },
          "sensitive_attributes": [],
          "private": "bnVsbA=="
        }
      ]
    },
    {
      "module": "module.batch_queue",
      "mode": "managed",
      "type": "aws_iam_role_policy_attachment",
      "name": "batch",
      "provider": "provider[\"registry.terraform.io/hashicorp/aws\"]",
      "instances": [
        {
          "schema_version": 0,
          "attributes": {
            "id": "batch-role-20220214163511893100000002",
            "policy_arn": "arn:aws:iam::aws:policy/service-role/AWSBatchServiceRole",
            "role": "batch-role"
          },
          "sensitive_attributes": [],
          "private": "bnVsbA==",
          "dependencies": [
            "module.batch_queue.aws_iam_role.batch"
          ]
        }
      ]
    },
    {
      "module": "module.batch_queue",
      "mode": "managed",
      "type": "aws_iam_role_policy_attachment",
      "name": "ecs",
      "provider": "provider[\"registry.terraform.io/hashicorp/aws\"]",
      "instances": [
        {
          "schema_version": 0,
          "attributes": {
            "id": "ecs-role-20220214163511888600000001",
            "policy_arn": "arn:aws:iam::aws:policy/service-role/AmazonEC2ContainerServiceforEC2Role",
            "role": "ecs-role"
          },
          "sensitive_attributes": [],
          "private": "bnVsbA==",
          "dependencies": [
            "module.batch_queue.aws_iam_role.ecs"
          ]
        }
      ]
    },
    {
      "module": "module.batch_queue",
      "mode": "managed",
      "type": "aws_security_group",
      "name": "sg",
      "provider": "provider[\"registry.terraform.io/hashicorp/aws\"]",
      "instances": [
        {
          "schema_version": 1,
          "attributes": {
            "arn": "arn:aws:ec2:us-east-1:304383062342:security-group/sg-0c8590efc941a37c0",
            "description": "Managed by Terraform",
            "egress": [
              {
                "cidr_blocks": [
                  "0.0.0.0/0"
                ],
                "description": "",
                "from_port": 0,
                "ipv6_cidr_blocks": [],
                "prefix_list_ids": [],
                "protocol": "-1",
                "security_groups": [],
                "self": false,
                "to_port": 0
              }
            ],
            "id": "sg-0c8590efc941a37c0",
            "ingress": [],
            "name": "batch-compute-environment",
            "name_prefix": "",
            "owner_id": "304383062342",
            "revoke_rules_on_delete": false,
            "tags": {
              "Name": "batch-compute-environment",
              "managed-by": "terraform"
            },
            "tags_all": {
              "Name": "batch-compute-environment",
              "managed-by": "terraform"
            },
            "timeouts": null,
            "vpc_id": "vpc-085b2437e72f8df56"
          },
          "sensitive_attributes": [],
          "private": "eyJlMmJmYjczMC1lY2FhLTExZTYtOGY4OC0zNDM2M2JjN2M0YzAiOnsiY3JlYXRlIjo2MDAwMDAwMDAwMDAsImRlbGV0ZSI6OTAwMDAwMDAwMDAwfSwic2NoZW1hX3ZlcnNpb24iOiIxIn0="
        }
      ]
    },
    {
      "module": "module.whalesay_batch_job",
      "mode": "managed",
      "type": "aws_batch_job_definition",
      "name": "job",
      "provider": "provider[\"registry.terraform.io/hashicorp/aws\"]",
      "instances": [
        {
          "schema_version": 0,
          "attributes": {
            "arn": "arn:aws:batch:us-east-1:304383062342:job-definition/whalesay:3",
            "container_properties": "{\"command\":[\"cowsay segmint\"],\"environment\":[],\"image\":\"docker/whalesay\",\"logConfiguration\":{\"logDriver\":\"awslogs\",\"options\":{},\"secretOptions\":[]},\"memory\":256,\"mountPoints\":[],\"resourceRequirements\":[],\"secrets\":[],\"ulimits\":[],\"vcpus\":1,\"volumes\":[{\"host\":{\"sourcePath\":\"/home/ec2-user/data\"},\"name\":\"data\"}]}",
            "id": "arn:aws:batch:us-east-1:304383062342:job-definition/whalesay:3",
            "name": "whalesay",
            "parameters": {},
            "platform_capabilities": [
              "EC2"
            ],
            "propagate_tags": false,
            "retry_strategy": [],
            "revision": 3,
            "tags": {
              "Pipeline": "whalesay-nf",
              "Platform": "awsbatch",
              "environment": "dev",
              "managed-by": "terraform"
            },
            "tags_all": {
              "Pipeline": "whalesay-nf",
              "Platform": "awsbatch",
              "environment": "dev",
              "managed-by": "terraform"
            },
            "timeout": [],
            "type": "container"
          },
          "sensitive_attributes": [],
          "private": "bnVsbA=="
        }
      ]
    },
    {
      "module": "module.whalesay_batch_job",
      "mode": "managed",
      "type": "aws_cloudwatch_log_group",
      "name": "awslogs",
      "provider": "provider[\"registry.terraform.io/hashicorp/aws\"]",
      "instances": [
        {
          "schema_version": 0,
          "attributes": {
            "arn": "arn:aws:logs:us-east-1:304383062342:log-group:whalesay",
            "id": "whalesay",
            "kms_key_id": "",
            "name": "whalesay",
            "name_prefix": null,
            "retention_in_days": 0,
            "tags": {},
            "tags_all": {}
          },
          "sensitive_attributes": [],
          "private": "bnVsbA=="
        }
      ]
    }
  ]
}
